// !$*UTF8*$!
{
	archiveVersion = 1;
	classes = {
	};
	objectVersion = 48;
	objects = {

/* Begin PBXBuildFile section */
		082FF7E7203B3797000FECB5 /* AppDelegate.swift in Sources */ = {isa = PBXBuildFile; fileRef = 082FF7E6203B3797000FECB5 /* AppDelegate.swift */; };
		082FF7E9203B3797000FECB5 /* ViewController.swift in Sources */ = {isa = PBXBuildFile; fileRef = 082FF7E8203B3797000FECB5 /* ViewController.swift */; };
		082FF7EC203B3797000FECB5 /* Main.storyboard in Resources */ = {isa = PBXBuildFile; fileRef = 082FF7EA203B3797000FECB5 /* Main.storyboard */; };
		082FF7EE203B3797000FECB5 /* Assets.xcassets in Resources */ = {isa = PBXBuildFile; fileRef = 082FF7ED203B3797000FECB5 /* Assets.xcassets */; };
		082FF7F1203B3797000FECB5 /* LaunchScreen.storyboard in Resources */ = {isa = PBXBuildFile; fileRef = 082FF7EF203B3797000FECB5 /* LaunchScreen.storyboard */; };
		082FF7F9203B3BE4000FECB5 /* Matrix.swift in Sources */ = {isa = PBXBuildFile; fileRef = 082FF7F8203B3BE4000FECB5 /* Matrix.swift */; };
/* End PBXBuildFile section */

/* Begin PBXFileReference section */
		082FF7E3203B3797000FECB5 /* Matrix Squarer.app */ = {isa = PBXFileReference; explicitFileType = wrapper.application; includeInIndex = 0; path = "Matrix Squarer.app"; sourceTree = BUILT_PRODUCTS_DIR; };
		082FF7E6203B3797000FECB5 /* AppDelegate.swift */ = {isa = PBXFileReference; lastKnownFileType = sourcecode.swift; path = AppDelegate.swift; sourceTree = "<group>"; };
		082FF7E8203B3797000FECB5 /* ViewController.swift */ = {isa = PBXFileReference; lastKnownFileType = sourcecode.swift; path = ViewController.swift; sourceTree = "<group>"; };
		082FF7EB203B3797000FECB5 /* Base */ = {isa = PBXFileReference; lastKnownFileType = file.storyboard; name = Base; path = Base.lproj/Main.storyboard; sourceTree = "<group>"; };
		082FF7ED203B3797000FECB5 /* Assets.xcassets */ = {isa = PBXFileReference; lastKnownFileType = folder.assetcatalog; path = Assets.xcassets; sourceTree = "<group>"; };
		082FF7F0203B3797000FECB5 /* Base */ = {isa = PBXFileReference; lastKnownFileType = file.storyboard; name = Base; path = Base.lproj/LaunchScreen.storyboard; sourceTree = "<group>"; };
		082FF7F2203B3797000FECB5 /* Info.plist */ = {isa = PBXFileReference; lastKnownFileType = text.plist.xml; path = Info.plist; sourceTree = "<group>"; };
		082FF7F8203B3BE4000FECB5 /* Matrix.swift */ = {isa = PBXFileReference; lastKnownFileType = sourcecode.swift; path = Matrix.swift; sourceTree = "<group>"; };
/* End PBXFileReference section */

/* Begin PBXFrameworksBuildPhase section */
		082FF7E0203B3797000FECB5 /* Frameworks */ = {
			isa = PBXFrameworksBuildPhase;
			buildActionMask = 2147483647;
			files = (
			);
			runOnlyForDeploymentPostprocessing = 0;
		};
/* End PBXFrameworksBuildPhase section */

/* Begin PBXGroup section */
		082FF7DA203B3797000FECB5 = {
			isa = PBXGroup;
			children = (
				082FF7E5203B3797000FECB5 /* Matrix Squarer */,
				082FF7E4203B3797000FECB5 /* Products */,
			);
			sourceTree = "<group>";
		};
		082FF7E4203B3797000FECB5 /* Products */ = {
			isa = PBXGroup;
			children = (
				082FF7E3203B3797000FECB5 /* Matrix Squarer.app */,
			);
			name = Products;
			sourceTree = "<group>";
		};
		082FF7E5203B3797000FECB5 /* Matrix Squarer */ = {
			isa = PBXGroup;
			children = (
				082FF7E6203B3797000FECB5 /* AppDelegate.swift */,
				082FF7E8203B3797000FECB5 /* ViewController.swift */,
				082FF7EA203B3797000FECB5 /* Main.storyboard */,
				082FF7ED203B3797000FECB5 /* Assets.xcassets */,
				082FF7EF203B3797000FECB5 /* LaunchScreen.storyboard */,
				082FF7F2203B3797000FECB5 /* Info.plist */,
				082FF7F8203B3BE4000FECB5 /* Matrix.swift */,
			);
			path = "Matrix Squarer";
			sourceTree = "<group>";
		};
/* End PBXGroup section */

/* Begin PBXNativeTarget section */
		082FF7E2203B3797000FECB5 /* Matrix Squarer */ = {
			isa = PBXNativeTarget;
			buildConfigurationList = 082FF7F5203B3797000FECB5 /* Build configuration list for PBXNativeTarget "Matrix Squarer" */;
			buildPhases = (
				082FF7DF203B3797000FECB5 /* Sources */,
				082FF7E0203B3797000FECB5 /* Frameworks */,
				082FF7E1203B3797000FECB5 /* Resources */,
			);
			buildRules = (
			);
			dependencies = (
			);
			name = "Matrix Squarer";
			productName = "Matrix Squarer";
			productReference = 082FF7E3203B3797000FECB5 /* Matrix Squarer.app */;
			productType = "com.apple.product-type.application";
		};
/* End PBXNativeTarget section */

/* Begin PBXProject section */
		082FF7DB203B3797000FECB5 /* Project object */ = {
			isa = PBXProject;
			attributes = {
				LastSwiftUpdateCheck = 0920;
				LastUpgradeCheck = 0920;
				ORGANIZATIONNAME = "Josh Reichman";
				TargetAttributes = {
					082FF7E2203B3797000FECB5 = {
						CreatedOnToolsVersion = 9.2;
						ProvisioningStyle = Automatic;
					};
				};
			};
			buildConfigurationList = 082FF7DE203B3797000FECB5 /* Build configuration list for PBXProject "Matrix Squarer" */;
			compatibilityVersion = "Xcode 8.0";
			developmentRegion = en;
			hasScannedForEncodings = 0;
			knownRegions = (
				en,
				Base,
			);
			mainGroup = 082FF7DA203B3797000FECB5;
			productRefGroup = 082FF7E4203B3797000FECB5 /* Products */;
			projectDirPath = "";
			projectRoot = "";
			targets = (
				082FF7E2203B3797000FECB5 /* Matrix Squarer */,
			);
		};
/* End PBXProject section */

/* Begin PBXResourcesBuildPhase section */
		082FF7E1203B3797000FECB5 /* Resources */ = {
			isa = PBXResourcesBuildPhase;
			buildActionMask = 2147483647;
			files = (
				082FF7F1203B3797000FECB5 /* LaunchScreen.storyboard in Resources */,
				082FF7EE203B3797000FECB5 /* Assets.xcassets in Resources */,
				082FF7EC203B3797000FECB5 /* Main.storyboard in Resources */,
			);
			runOnlyForDeploymentPostprocessing = 0;
		};
/* End PBXResourcesBuildPhase section */

/* Begin PBXSourcesBuildPhase section */
		082FF7DF203B3797000FECB5 /* Sources */ = {
			isa = PBXSourcesBuildPhase;
			buildActionMask = 2147483647;
			files = (
				082FF7E9203B3797000FECB5 /* ViewController.swift in Sources */,
				082FF7E7203B3797000FECB5 /* AppDelegate.swift in Sources */,
				082FF7F9203B3BE4000FECB5 /* Matrix.swift in Sources */,
			);
			runOnlyForDeploymentPostprocessing = 0;
		};
/* End PBXSourcesBuildPhase section */

/* Begin PBXVariantGroup section */
		082FF7EA203B3797000FECB5 /* Main.storyboard */ = {
			isa = PBXVariantGroup;
			children = (
				082FF7EB203B3797000FECB5 /* Base */,
			);
			name = Main.storyboard;
			sourceTree = "<group>";
		};
		082FF7EF203B3797000FECB5 /* LaunchScreen.storyboard */ = {
			isa = PBXVariantGroup;
			children = (
				082FF7F0203B3797000FECB5 /* Base */,
			);
			name = LaunchScreen.storyboard;
			sourceTree = "<group>";
		};
/* End PBXVariantGroup section */

/* Begin XCBuildConfiguration section */
		082FF7F3203B3797000FECB5 /* Debug */ = {
			isa = XCBuildConfiguration;
			buildSettings = {
				ALWAYS_SEARCH_USER_PATHS = NO;
				CLANG_ANALYZER_NONNULL = YES;
				CLANG_ANALYZER_NUMBER_OBJECT_CONVERSION = YES_AGGRESSIVE;
				CLANG_CXX_LANGUAGE_STANDARD = "gnu++14";
				CLANG_CXX_LIBRARY = "libc++";
				CLANG_ENABLE_MODULES = YES;
				CLANG_ENABLE_OBJC_ARC = YES;
				CLANG_WARN_BLOCK_CAPTURE_AUTORELEASING = YES;
				CLANG_WARN_BOOL_CONVERSION = YES;
				CLANG_WARN_COMMA = YES;
				CLANG_WARN_CONSTANT_CONVERSION = YES;
				CLANG_WARN_DIRECT_OBJC_ISA_USAGE = YES_ERROR;
				CLANG_WARN_DOCUMENTATION_COMMENTS = YES;
				CLANG_WARN_EMPTY_BODY = YES;
				CLANG_WARN_ENUM_CONVERSION = YES;
				CLANG_WARN_INFINITE_RECURSION = YES;
				CLANG_WARN_INT_CONVERSION = YES;
				CLANG_WARN_NON_LITERAL_NULL_CONVERSION = YES;
				CLANG_WARN_OBJC_LITERAL_CONVERSION = YES;
				CLANG_WARN_OBJC_ROOT_CLASS = YES_ERROR;
				CLANG_WARN_RANGE_LOOP_ANALYSIS = YES;
				CLANG_WARN_STRICT_PROTOTYPES = YES;
				CLANG_WARN_SUSPICIOUS_MOVE = YES;
				CLANG_WARN_UNGUARDED_AVAILABILITY = YES_AGGRESSIVE;
				CLANG_WARN_UNREACHABLE_CODE = YES;
				CLANG_WARN__DUPLICATE_METHOD_MATCH = YES;
				CODE_SIGN_IDENTITY = "iPhone Developer";
				COPY_PHASE_STRIP = NO;
				DEBUG_INFORMATION_FORMAT = dwarf;
				ENABLE_STRICT_OBJC_MSGSEND = YES;
				ENABLE_TESTABILITY = YES;
				GCC_C_LANGUAGE_STANDARD = gnu11;
				GCC_DYNAMIC_NO_PIC = NO;
				GCC_NO_COMMON_BLOCKS = YES;
				GCC_OPTIMIZATION_LEVEL = 0;
				GCC_PREPROCESSOR_DEFINITIONS = (
					"DEBUG=1",
					"$(inherited)",
				);
				GCC_WARN_64_TO_32_BIT_CONVERSION = YES;
				GCC_WARN_ABOUT_RETURN_TYPE = YES_ERROR;
				GCC_WARN_UNDECLARED_SELECTOR = YES;
				GCC_WARN_UNINITIALIZED_AUTOS = YES_AGGRESSIVE;
				GCC_WARN_UNUSED_FUNCTION = YES;
				GCC_WARN_UNUSED_VARIABLE = YES;
				IPHONEOS_DEPLOYMENT_TARGET = 11.2;
				MTL_ENABLE_DEBUG_INFO = YES;
				ONLY_ACTIVE_ARCH = YES;
				SDKROOT = iphoneos;
				SWIFT_ACTIVE_COMPILATION_CONDITIONS = DEBUG;
				SWIFT_OPTIMIZATION_LEVEL = "-Onone";
			};
			name = Debug;
		};
		082FF7F4203B3797000FECB5 /* Release */ = {
			isa = XCBuildConfiguration;
			buildSettings = {
				ALWAYS_SEARCH_USER_PATHS = NO;
				CLANG_ANALYZER_NONNULL = YES;
				CLANG_ANALYZER_NUMBER_OBJECT_CONVERSION = YES_AGGRESSIVE;
				CLANG_CXX_LANGUAGE_STANDARD = "gnu++14";
				CLANG_CXX_LIBRARY = "libc++";
				CLANG_ENABLE_MODULES = YES;
				CLANG_ENABLE_OBJC_ARC = YES;
				CLANG_WARN_BLOCK_CAPTURE_AUTORELEASING = YES;
				CLANG_WARN_BOOL_CONVERSION = YES;
				CLANG_WARN_COMMA = YES;
				CLANG_WARN_CONSTANT_CONVERSION = YES;
				CLANG_WARN_DIRECT_OBJC_ISA_USAGE = YES_ERROR;
				CLANG_WARN_DOCUMENTATION_COMMENTS = YES;
				CLANG_WARN_EMPTY_BODY = YES;
				CLANG_WARN_ENUM_CONVERSION = YES;
				CLANG_WARN_INFINITE_RECURSION = YES;
				CLANG_WARN_INT_CONVERSION = YES;
				CLANG_WARN_NON_LITERAL_NULL_CONVERSION = YES;
				CLANG_WARN_OBJC_LITERAL_CONVERSION = YES;
				CLANG_WARN_OBJC_ROOT_CLASS = YES_ERROR;
				CLANG_WARN_RANGE_LOOP_ANALYSIS = YES;
				CLANG_WARN_STRICT_PROTOTYPES = YES;
				CLANG_WARN_SUSPICIOUS_MOVE = YES;
				CLANG_WARN_UNGUARDED_AVAILABILITY = YES_AGGRESSIVE;
				CLANG_WARN_UNREACHABLE_CODE = YES;
				CLANG_WARN__DUPLICATE_METHOD_MATCH = YES;
				CODE_SIGN_IDENTITY = "iPhone Developer";
				COPY_PHASE_STRIP = NO;
				DEBUG_INFORMATION_FORMAT = "dwarf-with-dsym";
				ENABLE_NS_ASSERTIONS = NO;
				ENABLE_STRICT_OBJC_MSGSEND = YES;
				GCC_C_LANGUAGE_STANDARD = gnu11;
				GCC_NO_COMMON_BLOCKS = YES;
				GCC_WARN_64_TO_32_BIT_CONVERSION = YES;
				GCC_WARN_ABOUT_RETURN_TYPE = YES_ERROR;
				GCC_WARN_UNDECLARED_SELECTOR = YES;
				GCC_WARN_UNINITIALIZED_AUTOS = YES_AGGRESSIVE;
				GCC_WARN_UNUSED_FUNCTION = YES;
				GCC_WARN_UNUSED_VARIABLE = YES;
				IPHONEOS_DEPLOYMENT_TARGET = 11.2;
				MTL_ENABLE_DEBUG_INFO = NO;
				SDKROOT = iphoneos;
				SWIFT_OPTIMIZATION_LEVEL = "-Owholemodule";
				VALIDATE_PRODUCT = YES;
			};
			name = Release;
		};
		082FF7F6203B3797000FECB5 /* Debug */ = {
			isa = XCBuildConfiguration;
			buildSettings = {
				ASSETCATALOG_COMPILER_APPICON_NAME = AppIcon;
				CODE_SIGN_STYLE = Automatic;
				DEVELOPMENT_TEAM = AD3FQB6RRC;
				INFOPLIST_FILE = "Matrix Squarer/Info.plist";
				LD_RUNPATH_SEARCH_PATHS = "$(inherited) @executable_path/Frameworks";
				PRODUCT_BUNDLE_IDENTIFIER = "Josh-Reichman.Matrix-Squarer";
				PRODUCT_NAME = "$(TARGET_NAME)";
				SWIFT_VERSION = 4.0;
				TARGETED_DEVICE_FAMILY = "1,2";
			};
			name = Debug;
		};
		082FF7F7203B3797000FECB5 /* Release */ = {
			isa = XCBuildConfiguration;
			buildSettings = {
				ASSETCATALOG_COMPILER_APPICON_NAME = AppIcon;
				CODE_SIGN_STYLE = Automatic;
				DEVELOPMENT_TEAM = AD3FQB6RRC;
				INFOPLIST_FILE = "Matrix Squarer/Info.plist";
				LD_RUNPATH_SEARCH_PATHS = "$(inherited) @executable_path/Frameworks";
				PRODUCT_BUNDLE_IDENTIFIER = "Josh-Reichman.Matrix-Squarer";
				PRODUCT_NAME = "$(TARGET_NAME)";
				SWIFT_VERSION = 4.0;
				TARGETED_DEVICE_FAMILY = "1,2";
			};
			name = Release;
		};
/* End XCBuildConfiguration section */

/* Begin XCConfigurationList section */
		082FF7DE203B3797000FECB5 /* Build configuration list for PBXProject "Matrix Squarer" */ = {
			isa = XCConfigurationList;
			buildConfigurations = (
				082FF7F3203B3797000FECB5 /* Debug */,
				082FF7F4203B3797000FECB5 /* Release */,
			);
			defaultConfigurationIsVisible = 0;
			defaultConfigurationName = Release;
		};
		082FF7F5203B3797000FECB5 /* Build configuration list for PBXNativeTarget "Matrix Squarer" */ = {
			isa = XCConfigurationList;
			buildConfigurations = (
				082FF7F6203B3797000FECB5 /* Debug */,
				082FF7F7203B3797000FECB5 /* Release */,
			);
			defaultConfigurationIsVisible = 0;
			defaultConfigurationName = Release;
		};
/* End XCConfigurationList section */
	};
	rootObject = 082FF7DB203B3797000FECB5 /* Project object */;
}
