// !$*UTF8*$!
{
	archiveVersion = 1;
	classes = {
	};
	objectVersion = 48;
	objects = {

/* Begin PBXBuildFile section */
		084EC4332049A639001174FB /* CustormizedView.swift in Sources */ = {isa = PBXBuildFile; fileRef = 084EC4322049A639001174FB /* CustormizedView.swift */; };
		085EE9D42047504A005AD5A0 /* AppDelegate.swift in Sources */ = {isa = PBXBuildFile; fileRef = 085EE9D32047504A005AD5A0 /* AppDelegate.swift */; };
		085EE9D62047504A005AD5A0 /* ViewController.swift in Sources */ = {isa = PBXBuildFile; fileRef = 085EE9D52047504A005AD5A0 /* ViewController.swift */; };
		085EE9D92047504A005AD5A0 /* Main.storyboard in Resources */ = {isa = PBXBuildFile; fileRef = 085EE9D72047504A005AD5A0 /* Main.storyboard */; };
		085EE9DB2047504A005AD5A0 /* Assets.xcassets in Resources */ = {isa = PBXBuildFile; fileRef = 085EE9DA2047504A005AD5A0 /* Assets.xcassets */; };
		085EE9DE2047504A005AD5A0 /* LaunchScreen.storyboard in Resources */ = {isa = PBXBuildFile; fileRef = 085EE9DC2047504A005AD5A0 /* LaunchScreen.storyboard */; };
/* End PBXBuildFile section */

/* Begin PBXFileReference section */
		084EC4322049A639001174FB /* CustormizedView.swift */ = {isa = PBXFileReference; fileEncoding = 4; lastKnownFileType = sourcecode.swift; path = CustormizedView.swift; sourceTree = "<group>"; };
		085EE9D02047504A005AD5A0 /* Pedigree Drawer.app */ = {isa = PBXFileReference; explicitFileType = wrapper.application; includeInIndex = 0; path = "Pedigree Drawer.app"; sourceTree = BUILT_PRODUCTS_DIR; };
		085EE9D32047504A005AD5A0 /* AppDelegate.swift */ = {isa = PBXFileReference; lastKnownFileType = sourcecode.swift; path = AppDelegate.swift; sourceTree = "<group>"; };
		085EE9D52047504A005AD5A0 /* ViewController.swift */ = {isa = PBXFileReference; lastKnownFileType = sourcecode.swift; path = ViewController.swift; sourceTree = "<group>"; };
		085EE9D82047504A005AD5A0 /* Base */ = {isa = PBXFileReference; lastKnownFileType = file.storyboard; name = Base; path = Base.lproj/Main.storyboard; sourceTree = "<group>"; };
		085EE9DA2047504A005AD5A0 /* Assets.xcassets */ = {isa = PBXFileReference; lastKnownFileType = folder.assetcatalog; path = Assets.xcassets; sourceTree = "<group>"; };
		085EE9DD2047504A005AD5A0 /* Base */ = {isa = PBXFileReference; lastKnownFileType = file.storyboard; name = Base; path = Base.lproj/LaunchScreen.storyboard; sourceTree = "<group>"; };
		085EE9DF2047504A005AD5A0 /* Info.plist */ = {isa = PBXFileReference; lastKnownFileType = text.plist.xml; path = Info.plist; sourceTree = "<group>"; };
/* End PBXFileReference section */

/* Begin PBXFrameworksBuildPhase section */
		085EE9CD2047504A005AD5A0 /* Frameworks */ = {
			isa = PBXFrameworksBuildPhase;
			buildActionMask = 2147483647;
			files = (
			);
			runOnlyForDeploymentPostprocessing = 0;
		};
/* End PBXFrameworksBuildPhase section */

/* Begin PBXGroup section */
		085EE9C72047504A005AD5A0 = {
			isa = PBXGroup;
			children = (
				085EE9D22047504A005AD5A0 /* Pedigree Drawer */,
				085EE9D12047504A005AD5A0 /* Products */,
			);
			sourceTree = "<group>";
		};
		085EE9D12047504A005AD5A0 /* Products */ = {
			isa = PBXGroup;
			children = (
				085EE9D02047504A005AD5A0 /* Pedigree Drawer.app */,
			);
			name = Products;
			sourceTree = "<group>";
		};
		085EE9D22047504A005AD5A0 /* Pedigree Drawer */ = {
			isa = PBXGroup;
			children = (
				085EE9D32047504A005AD5A0 /* AppDelegate.swift */,
				085EE9D52047504A005AD5A0 /* ViewController.swift */,
				084EC4322049A639001174FB /* CustormizedView.swift */,
				085EE9D72047504A005AD5A0 /* Main.storyboard */,
				085EE9DA2047504A005AD5A0 /* Assets.xcassets */,
				085EE9DC2047504A005AD5A0 /* LaunchScreen.storyboard */,
				085EE9DF2047504A005AD5A0 /* Info.plist */,
			);
			path = "Pedigree Drawer";
			sourceTree = "<group>";
		};
/* End PBXGroup section */

/* Begin PBXNativeTarget section */
		085EE9CF2047504A005AD5A0 /* Pedigree Drawer */ = {
			isa = PBXNativeTarget;
			buildConfigurationList = 085EE9E22047504A005AD5A0 /* Build configuration list for PBXNativeTarget "Pedigree Drawer" */;
			buildPhases = (
				085EE9CC2047504A005AD5A0 /* Sources */,
				085EE9CD2047504A005AD5A0 /* Frameworks */,
				085EE9CE2047504A005AD5A0 /* Resources */,
			);
			buildRules = (
			);
			dependencies = (
			);
			name = "Pedigree Drawer";
			productName = "Pedigree Drawer";
			productReference = 085EE9D02047504A005AD5A0 /* Pedigree Drawer.app */;
			productType = "com.apple.product-type.application";
		};
/* End PBXNativeTarget section */

/* Begin PBXProject section */
		085EE9C82047504A005AD5A0 /* Project object */ = {
			isa = PBXProject;
			attributes = {
				LastSwiftUpdateCheck = 0920;
				LastUpgradeCheck = 0920;
				ORGANIZATIONNAME = "Josh Reichman";
				TargetAttributes = {
					085EE9CF2047504A005AD5A0 = {
						CreatedOnToolsVersion = 9.2;
						ProvisioningStyle = Automatic;
					};
				};
			};
			buildConfigurationList = 085EE9CB2047504A005AD5A0 /* Build configuration list for PBXProject "Pedigree Drawer" */;
			compatibilityVersion = "Xcode 8.0";
			developmentRegion = en;
			hasScannedForEncodings = 0;
			knownRegions = (
				en,
				Base,
			);
			mainGroup = 085EE9C72047504A005AD5A0;
			productRefGroup = 085EE9D12047504A005AD5A0 /* Products */;
			projectDirPath = "";
			projectRoot = "";
			targets = (
				085EE9CF2047504A005AD5A0 /* Pedigree Drawer */,
			);
		};
/* End PBXProject section */

/* Begin PBXResourcesBuildPhase section */
		085EE9CE2047504A005AD5A0 /* Resources */ = {
			isa = PBXResourcesBuildPhase;
			buildActionMask = 2147483647;
			files = (
				085EE9DE2047504A005AD5A0 /* LaunchScreen.storyboard in Resources */,
				085EE9DB2047504A005AD5A0 /* Assets.xcassets in Resources */,
				085EE9D92047504A005AD5A0 /* Main.storyboard in Resources */,
			);
			runOnlyForDeploymentPostprocessing = 0;
		};
/* End PBXResourcesBuildPhase section */

/* Begin PBXSourcesBuildPhase section */
		085EE9CC2047504A005AD5A0 /* Sources */ = {
			isa = PBXSourcesBuildPhase;
			buildActionMask = 2147483647;
			files = (
				085EE9D62047504A005AD5A0 /* ViewController.swift in Sources */,
				085EE9D42047504A005AD5A0 /* AppDelegate.swift in Sources */,
				084EC4332049A639001174FB /* CustormizedView.swift in Sources */,
			);
			runOnlyForDeploymentPostprocessing = 0;
		};
/* End PBXSourcesBuildPhase section */

/* Begin PBXVariantGroup section */
		085EE9D72047504A005AD5A0 /* Main.storyboard */ = {
			isa = PBXVariantGroup;
			children = (
				085EE9D82047504A005AD5A0 /* Base */,
			);
			name = Main.storyboard;
			sourceTree = "<group>";
		};
		085EE9DC2047504A005AD5A0 /* LaunchScreen.storyboard */ = {
			isa = PBXVariantGroup;
			children = (
				085EE9DD2047504A005AD5A0 /* Base */,
			);
			name = LaunchScreen.storyboard;
			sourceTree = "<group>";
		};
/* End PBXVariantGroup section */

/* Begin XCBuildConfiguration section */
		085EE9E02047504A005AD5A0 /* Debug */ = {
			isa = XCBuildConfiguration;
			buildSettings = {
				ALWAYS_SEARCH_USER_PATHS = NO;
				CLANG_ANALYZER_NONNULL = YES;
				CLANG_ANALYZER_NUMBER_OBJECT_CONVERSION = YES_AGGRESSIVE;
				CLANG_CXX_LANGUAGE_STANDARD = "gnu++14";
				CLANG_CXX_LIBRARY = "libc++";
				CLANG_ENABLE_MODULES = YES;
				CLANG_ENABLE_OBJC_ARC = YES;
				CLANG_WARN_BLOCK_CAPTURE_AUTORELEASING = YES;
				CLANG_WARN_BOOL_CONVERSION = YES;
				CLANG_WARN_COMMA = YES;
				CLANG_WARN_CONSTANT_CONVERSION = YES;
				CLANG_WARN_DIRECT_OBJC_ISA_USAGE = YES_ERROR;
				CLANG_WARN_DOCUMENTATION_COMMENTS = YES;
				CLANG_WARN_EMPTY_BODY = YES;
				CLANG_WARN_ENUM_CONVERSION = YES;
				CLANG_WARN_INFINITE_RECURSION = YES;
				CLANG_WARN_INT_CONVERSION = YES;
				CLANG_WARN_NON_LITERAL_NULL_CONVERSION = YES;
				CLANG_WARN_OBJC_LITERAL_CONVERSION = YES;
				CLANG_WARN_OBJC_ROOT_CLASS = YES_ERROR;
				CLANG_WARN_RANGE_LOOP_ANALYSIS = YES;
				CLANG_WARN_STRICT_PROTOTYPES = YES;
				CLANG_WARN_SUSPICIOUS_MOVE = YES;
				CLANG_WARN_UNGUARDED_AVAILABILITY = YES_AGGRESSIVE;
				CLANG_WARN_UNREACHABLE_CODE = YES;
				CLANG_WARN__DUPLICATE_METHOD_MATCH = YES;
				CODE_SIGN_IDENTITY = "iPhone Developer";
				COPY_PHASE_STRIP = NO;
				DEBUG_INFORMATION_FORMAT = dwarf;
				ENABLE_STRICT_OBJC_MSGSEND = YES;
				ENABLE_TESTABILITY = YES;
				GCC_C_LANGUAGE_STANDARD = gnu11;
				GCC_DYNAMIC_NO_PIC = NO;
				GCC_NO_COMMON_BLOCKS = YES;
				GCC_OPTIMIZATION_LEVEL = 0;
				GCC_PREPROCESSOR_DEFINITIONS = (
					"DEBUG=1",
					"$(inherited)",
				);
				GCC_WARN_64_TO_32_BIT_CONVERSION = YES;
				GCC_WARN_ABOUT_RETURN_TYPE = YES_ERROR;
				GCC_WARN_UNDECLARED_SELECTOR = YES;
				GCC_WARN_UNINITIALIZED_AUTOS = YES_AGGRESSIVE;
				GCC_WARN_UNUSED_FUNCTION = YES;
				GCC_WARN_UNUSED_VARIABLE = YES;
				IPHONEOS_DEPLOYMENT_TARGET = 11.2;
				MTL_ENABLE_DEBUG_INFO = YES;
				ONLY_ACTIVE_ARCH = YES;
				SDKROOT = iphoneos;
				SWIFT_ACTIVE_COMPILATION_CONDITIONS = DEBUG;
				SWIFT_OPTIMIZATION_LEVEL = "-Onone";
			};
			name = Debug;
		};
		085EE9E12047504A005AD5A0 /* Release */ = {
			isa = XCBuildConfiguration;
			buildSettings = {
				ALWAYS_SEARCH_USER_PATHS = NO;
				CLANG_ANALYZER_NONNULL = YES;
				CLANG_ANALYZER_NUMBER_OBJECT_CONVERSION = YES_AGGRESSIVE;
				CLANG_CXX_LANGUAGE_STANDARD = "gnu++14";
				CLANG_CXX_LIBRARY = "libc++";
				CLANG_ENABLE_MODULES = YES;
				CLANG_ENABLE_OBJC_ARC = YES;
				CLANG_WARN_BLOCK_CAPTURE_AUTORELEASING = YES;
				CLANG_WARN_BOOL_CONVERSION = YES;
				CLANG_WARN_COMMA = YES;
				CLANG_WARN_CONSTANT_CONVERSION = YES;
				CLANG_WARN_DIRECT_OBJC_ISA_USAGE = YES_ERROR;
				CLANG_WARN_DOCUMENTATION_COMMENTS = YES;
				CLANG_WARN_EMPTY_BODY = YES;
				CLANG_WARN_ENUM_CONVERSION = YES;
				CLANG_WARN_INFINITE_RECURSION = YES;
				CLANG_WARN_INT_CONVERSION = YES;
				CLANG_WARN_NON_LITERAL_NULL_CONVERSION = YES;
				CLANG_WARN_OBJC_LITERAL_CONVERSION = YES;
				CLANG_WARN_OBJC_ROOT_CLASS = YES_ERROR;
				CLANG_WARN_RANGE_LOOP_ANALYSIS = YES;
				CLANG_WARN_STRICT_PROTOTYPES = YES;
				CLANG_WARN_SUSPICIOUS_MOVE = YES;
				CLANG_WARN_UNGUARDED_AVAILABILITY = YES_AGGRESSIVE;
				CLANG_WARN_UNREACHABLE_CODE = YES;
				CLANG_WARN__DUPLICATE_METHOD_MATCH = YES;
				CODE_SIGN_IDENTITY = "iPhone Developer";
				COPY_PHASE_STRIP = NO;
				DEBUG_INFORMATION_FORMAT = "dwarf-with-dsym";
				ENABLE_NS_ASSERTIONS = NO;
				ENABLE_STRICT_OBJC_MSGSEND = YES;
				GCC_C_LANGUAGE_STANDARD = gnu11;
				GCC_NO_COMMON_BLOCKS = YES;
				GCC_WARN_64_TO_32_BIT_CONVERSION = YES;
				GCC_WARN_ABOUT_RETURN_TYPE = YES_ERROR;
				GCC_WARN_UNDECLARED_SELECTOR = YES;
				GCC_WARN_UNINITIALIZED_AUTOS = YES_AGGRESSIVE;
				GCC_WARN_UNUSED_FUNCTION = YES;
				GCC_WARN_UNUSED_VARIABLE = YES;
				IPHONEOS_DEPLOYMENT_TARGET = 11.2;
				MTL_ENABLE_DEBUG_INFO = NO;
				SDKROOT = iphoneos;
				SWIFT_OPTIMIZATION_LEVEL = "-Owholemodule";
				VALIDATE_PRODUCT = YES;
			};
			name = Release;
		};
		085EE9E32047504A005AD5A0 /* Debug */ = {
			isa = XCBuildConfiguration;
			buildSettings = {
				ASSETCATALOG_COMPILER_APPICON_NAME = AppIcon;
				CODE_SIGN_STYLE = Automatic;
				DEVELOPMENT_TEAM = AD3FQB6RRC;
				INFOPLIST_FILE = "Pedigree Drawer/Info.plist";
				LD_RUNPATH_SEARCH_PATHS = "$(inherited) @executable_path/Frameworks";
				PRODUCT_BUNDLE_IDENTIFIER = "Josh-Reichman.Pedigree-Drawer";
				PRODUCT_NAME = "$(TARGET_NAME)";
				SWIFT_VERSION = 4.0;
				TARGETED_DEVICE_FAMILY = "1,2";
			};
			name = Debug;
		};
		085EE9E42047504A005AD5A0 /* Release */ = {
			isa = XCBuildConfiguration;
			buildSettings = {
				ASSETCATALOG_COMPILER_APPICON_NAME = AppIcon;
				CODE_SIGN_STYLE = Automatic;
				DEVELOPMENT_TEAM = AD3FQB6RRC;
				INFOPLIST_FILE = "Pedigree Drawer/Info.plist";
				LD_RUNPATH_SEARCH_PATHS = "$(inherited) @executable_path/Frameworks";
				PRODUCT_BUNDLE_IDENTIFIER = "Josh-Reichman.Pedigree-Drawer";
				PRODUCT_NAME = "$(TARGET_NAME)";
				SWIFT_VERSION = 4.0;
				TARGETED_DEVICE_FAMILY = "1,2";
			};
			name = Release;
		};
/* End XCBuildConfiguration section */

/* Begin XCConfigurationList section */
		085EE9CB2047504A005AD5A0 /* Build configuration list for PBXProject "Pedigree Drawer" */ = {
			isa = XCConfigurationList;
			buildConfigurations = (
				085EE9E02047504A005AD5A0 /* Debug */,
				085EE9E12047504A005AD5A0 /* Release */,
			);
			defaultConfigurationIsVisible = 0;
			defaultConfigurationName = Release;
		};
		085EE9E22047504A005AD5A0 /* Build configuration list for PBXNativeTarget "Pedigree Drawer" */ = {
			isa = XCConfigurationList;
			buildConfigurations = (
				085EE9E32047504A005AD5A0 /* Debug */,
				085EE9E42047504A005AD5A0 /* Release */,
			);
			defaultConfigurationIsVisible = 0;
			defaultConfigurationName = Release;
		};
/* End XCConfigurationList section */
	};
	rootObject = 085EE9C82047504A005AD5A0 /* Project object */;
}
