// !$*UTF8*$!
{
	archiveVersion = 1;
	classes = {
	};
	objectVersion = 48;
	objects = {

/* Begin PBXBuildFile section */
		0880217D206BEA08004D6BAB /* Event+CoreDataClass.swift in Sources */ = {isa = PBXBuildFile; fileRef = 08802177206BEA08004D6BAB /* Event+CoreDataClass.swift */; };
		0880217E206BEA08004D6BAB /* Event+CoreDataProperties.swift in Sources */ = {isa = PBXBuildFile; fileRef = 08802178206BEA08004D6BAB /* Event+CoreDataProperties.swift */; };
		0880217F206BEA08004D6BAB /* Employer+CoreDataClass.swift in Sources */ = {isa = PBXBuildFile; fileRef = 08802179206BEA08004D6BAB /* Employer+CoreDataClass.swift */; };
		08802180206BEA08004D6BAB /* Employer+CoreDataProperties.swift in Sources */ = {isa = PBXBuildFile; fileRef = 0880217A206BEA08004D6BAB /* Employer+CoreDataProperties.swift */; };
		08802181206BEA08004D6BAB /* Employee+CoreDataClass.swift in Sources */ = {isa = PBXBuildFile; fileRef = 0880217B206BEA08004D6BAB /* Employee+CoreDataClass.swift */; };
		08802182206BEA08004D6BAB /* Employee+CoreDataProperties.swift in Sources */ = {isa = PBXBuildFile; fileRef = 0880217C206BEA08004D6BAB /* Employee+CoreDataProperties.swift */; };
		08B3C9E0206943A300716F5A /* AppDelegate.swift in Sources */ = {isa = PBXBuildFile; fileRef = 08B3C9DF206943A300716F5A /* AppDelegate.swift */; };
		08B3C9E3206943A300716F5A /* MasterDetailsWithCoreData.xcdatamodeld in Sources */ = {isa = PBXBuildFile; fileRef = 08B3C9E1206943A300716F5A /* MasterDetailsWithCoreData.xcdatamodeld */; };
		08B3C9E5206943A300716F5A /* MasterViewController.swift in Sources */ = {isa = PBXBuildFile; fileRef = 08B3C9E4206943A300716F5A /* MasterViewController.swift */; };
		08B3C9E7206943A300716F5A /* DetailViewController.swift in Sources */ = {isa = PBXBuildFile; fileRef = 08B3C9E6206943A300716F5A /* DetailViewController.swift */; };
		08B3C9EA206943A300716F5A /* Main.storyboard in Resources */ = {isa = PBXBuildFile; fileRef = 08B3C9E8206943A300716F5A /* Main.storyboard */; };
		08B3C9EC206943A300716F5A /* Assets.xcassets in Resources */ = {isa = PBXBuildFile; fileRef = 08B3C9EB206943A300716F5A /* Assets.xcassets */; };
		08B3C9EF206943A300716F5A /* LaunchScreen.storyboard in Resources */ = {isa = PBXBuildFile; fileRef = 08B3C9ED206943A300716F5A /* LaunchScreen.storyboard */; };
/* End PBXBuildFile section */

/* Begin PBXFileReference section */
		08802177206BEA08004D6BAB /* Event+CoreDataClass.swift */ = {isa = PBXFileReference; lastKnownFileType = sourcecode.swift; path = "Event+CoreDataClass.swift"; sourceTree = "<group>"; };
		08802178206BEA08004D6BAB /* Event+CoreDataProperties.swift */ = {isa = PBXFileReference; lastKnownFileType = sourcecode.swift; path = "Event+CoreDataProperties.swift"; sourceTree = "<group>"; };
		08802179206BEA08004D6BAB /* Employer+CoreDataClass.swift */ = {isa = PBXFileReference; lastKnownFileType = sourcecode.swift; path = "Employer+CoreDataClass.swift"; sourceTree = "<group>"; };
		0880217A206BEA08004D6BAB /* Employer+CoreDataProperties.swift */ = {isa = PBXFileReference; lastKnownFileType = sourcecode.swift; path = "Employer+CoreDataProperties.swift"; sourceTree = "<group>"; };
		0880217B206BEA08004D6BAB /* Employee+CoreDataClass.swift */ = {isa = PBXFileReference; lastKnownFileType = sourcecode.swift; path = "Employee+CoreDataClass.swift"; sourceTree = "<group>"; };
		0880217C206BEA08004D6BAB /* Employee+CoreDataProperties.swift */ = {isa = PBXFileReference; lastKnownFileType = sourcecode.swift; path = "Employee+CoreDataProperties.swift"; sourceTree = "<group>"; };
		08B3C9DC206943A300716F5A /* MasterDetailsWithCoreData.app */ = {isa = PBXFileReference; explicitFileType = wrapper.application; includeInIndex = 0; path = MasterDetailsWithCoreData.app; sourceTree = BUILT_PRODUCTS_DIR; };
		08B3C9DF206943A300716F5A /* AppDelegate.swift */ = {isa = PBXFileReference; lastKnownFileType = sourcecode.swift; path = AppDelegate.swift; sourceTree = "<group>"; };
		08B3C9E2206943A300716F5A /* MasterDetailsWithCoreData.xcdatamodel */ = {isa = PBXFileReference; lastKnownFileType = wrapper.xcdatamodel; path = MasterDetailsWithCoreData.xcdatamodel; sourceTree = "<group>"; };
		08B3C9E4206943A300716F5A /* MasterViewController.swift */ = {isa = PBXFileReference; lastKnownFileType = sourcecode.swift; path = MasterViewController.swift; sourceTree = "<group>"; };
		08B3C9E6206943A300716F5A /* DetailViewController.swift */ = {isa = PBXFileReference; lastKnownFileType = sourcecode.swift; path = DetailViewController.swift; sourceTree = "<group>"; };
		08B3C9E9206943A300716F5A /* Base */ = {isa = PBXFileReference; lastKnownFileType = file.storyboard; name = Base; path = Base.lproj/Main.storyboard; sourceTree = "<group>"; };
		08B3C9EB206943A300716F5A /* Assets.xcassets */ = {isa = PBXFileReference; lastKnownFileType = folder.assetcatalog; path = Assets.xcassets; sourceTree = "<group>"; };
		08B3C9EE206943A300716F5A /* Base */ = {isa = PBXFileReference; lastKnownFileType = file.storyboard; name = Base; path = Base.lproj/LaunchScreen.storyboard; sourceTree = "<group>"; };
		08B3C9F0206943A300716F5A /* Info.plist */ = {isa = PBXFileReference; lastKnownFileType = text.plist.xml; path = Info.plist; sourceTree = "<group>"; };
/* End PBXFileReference section */

/* Begin PBXFrameworksBuildPhase section */
		08B3C9D9206943A300716F5A /* Frameworks */ = {
			isa = PBXFrameworksBuildPhase;
			buildActionMask = 2147483647;
			files = (
			);
			runOnlyForDeploymentPostprocessing = 0;
		};
/* End PBXFrameworksBuildPhase section */

/* Begin PBXGroup section */
		08802183206BEA2C004D6BAB /* CoreData */ = {
			isa = PBXGroup;
			children = (
				08802177206BEA08004D6BAB /* Event+CoreDataClass.swift */,
				08802178206BEA08004D6BAB /* Event+CoreDataProperties.swift */,
				08802179206BEA08004D6BAB /* Employer+CoreDataClass.swift */,
				0880217A206BEA08004D6BAB /* Employer+CoreDataProperties.swift */,
				0880217B206BEA08004D6BAB /* Employee+CoreDataClass.swift */,
				0880217C206BEA08004D6BAB /* Employee+CoreDataProperties.swift */,
			);
			path = CoreData;
			sourceTree = "<group>";
		};
		08B3C9D3206943A300716F5A = {
			isa = PBXGroup;
			children = (
				08B3C9DE206943A300716F5A /* MasterDetailsWithCoreData */,
				08B3C9DD206943A300716F5A /* Products */,
			);
			sourceTree = "<group>";
		};
		08B3C9DD206943A300716F5A /* Products */ = {
			isa = PBXGroup;
			children = (
				08B3C9DC206943A300716F5A /* MasterDetailsWithCoreData.app */,
			);
			name = Products;
			sourceTree = "<group>";
		};
		08B3C9DE206943A300716F5A /* MasterDetailsWithCoreData */ = {
			isa = PBXGroup;
			children = (
				08802183206BEA2C004D6BAB /* CoreData */,
				08B3C9DF206943A300716F5A /* AppDelegate.swift */,
				08B3C9E4206943A300716F5A /* MasterViewController.swift */,
				08B3C9E6206943A300716F5A /* DetailViewController.swift */,
				08B3C9E8206943A300716F5A /* Main.storyboard */,
				08B3C9EB206943A300716F5A /* Assets.xcassets */,
				08B3C9ED206943A300716F5A /* LaunchScreen.storyboard */,
				08B3C9F0206943A300716F5A /* Info.plist */,
				08B3C9E1206943A300716F5A /* MasterDetailsWithCoreData.xcdatamodeld */,
			);
			path = MasterDetailsWithCoreData;
			sourceTree = "<group>";
		};
/* End PBXGroup section */

/* Begin PBXNativeTarget section */
		08B3C9DB206943A300716F5A /* MasterDetailsWithCoreData */ = {
			isa = PBXNativeTarget;
			buildConfigurationList = 08B3C9F3206943A300716F5A /* Build configuration list for PBXNativeTarget "MasterDetailsWithCoreData" */;
			buildPhases = (
				08B3C9D8206943A300716F5A /* Sources */,
				08B3C9D9206943A300716F5A /* Frameworks */,
				08B3C9DA206943A300716F5A /* Resources */,
			);
			buildRules = (
			);
			dependencies = (
			);
			name = MasterDetailsWithCoreData;
			productName = MasterDetailsWithCoreData;
			productReference = 08B3C9DC206943A300716F5A /* MasterDetailsWithCoreData.app */;
			productType = "com.apple.product-type.application";
		};
/* End PBXNativeTarget section */

/* Begin PBXProject section */
		08B3C9D4206943A300716F5A /* Project object */ = {
			isa = PBXProject;
			attributes = {
				LastSwiftUpdateCheck = 0920;
				LastUpgradeCheck = 0920;
				ORGANIZATIONNAME = "Josh Reichman";
				TargetAttributes = {
					08B3C9DB206943A300716F5A = {
						CreatedOnToolsVersion = 9.2;
						ProvisioningStyle = Automatic;
					};
				};
			};
			buildConfigurationList = 08B3C9D7206943A300716F5A /* Build configuration list for PBXProject "MasterDetailsWithCoreData" */;
			compatibilityVersion = "Xcode 8.0";
			developmentRegion = en;
			hasScannedForEncodings = 0;
			knownRegions = (
				en,
				Base,
			);
			mainGroup = 08B3C9D3206943A300716F5A;
			productRefGroup = 08B3C9DD206943A300716F5A /* Products */;
			projectDirPath = "";
			projectRoot = "";
			targets = (
				08B3C9DB206943A300716F5A /* MasterDetailsWithCoreData */,
			);
		};
/* End PBXProject section */

/* Begin PBXResourcesBuildPhase section */
		08B3C9DA206943A300716F5A /* Resources */ = {
			isa = PBXResourcesBuildPhase;
			buildActionMask = 2147483647;
			files = (
				08B3C9EF206943A300716F5A /* LaunchScreen.storyboard in Resources */,
				08B3C9EC206943A300716F5A /* Assets.xcassets in Resources */,
				08B3C9EA206943A300716F5A /* Main.storyboard in Resources */,
			);
			runOnlyForDeploymentPostprocessing = 0;
		};
/* End PBXResourcesBuildPhase section */

/* Begin PBXSourcesBuildPhase section */
		08B3C9D8206943A300716F5A /* Sources */ = {
			isa = PBXSourcesBuildPhase;
			buildActionMask = 2147483647;
			files = (
				0880217E206BEA08004D6BAB /* Event+CoreDataProperties.swift in Sources */,
				08802181206BEA08004D6BAB /* Employee+CoreDataClass.swift in Sources */,
				0880217F206BEA08004D6BAB /* Employer+CoreDataClass.swift in Sources */,
				08B3C9E0206943A300716F5A /* AppDelegate.swift in Sources */,
				08B3C9E3206943A300716F5A /* MasterDetailsWithCoreData.xcdatamodeld in Sources */,
				08802180206BEA08004D6BAB /* Employer+CoreDataProperties.swift in Sources */,
				0880217D206BEA08004D6BAB /* Event+CoreDataClass.swift in Sources */,
				08B3C9E5206943A300716F5A /* MasterViewController.swift in Sources */,
				08B3C9E7206943A300716F5A /* DetailViewController.swift in Sources */,
				08802182206BEA08004D6BAB /* Employee+CoreDataProperties.swift in Sources */,
			);
			runOnlyForDeploymentPostprocessing = 0;
		};
/* End PBXSourcesBuildPhase section */

/* Begin PBXVariantGroup section */
		08B3C9E8206943A300716F5A /* Main.storyboard */ = {
			isa = PBXVariantGroup;
			children = (
				08B3C9E9206943A300716F5A /* Base */,
			);
			name = Main.storyboard;
			sourceTree = "<group>";
		};
		08B3C9ED206943A300716F5A /* LaunchScreen.storyboard */ = {
			isa = PBXVariantGroup;
			children = (
				08B3C9EE206943A300716F5A /* Base */,
			);
			name = LaunchScreen.storyboard;
			sourceTree = "<group>";
		};
/* End PBXVariantGroup section */

/* Begin XCBuildConfiguration section */
		08B3C9F1206943A300716F5A /* Debug */ = {
			isa = XCBuildConfiguration;
			buildSettings = {
				ALWAYS_SEARCH_USER_PATHS = NO;
				CLANG_ANALYZER_NONNULL = YES;
				CLANG_ANALYZER_NUMBER_OBJECT_CONVERSION = YES_AGGRESSIVE;
				CLANG_CXX_LANGUAGE_STANDARD = "gnu++14";
				CLANG_CXX_LIBRARY = "libc++";
				CLANG_ENABLE_MODULES = YES;
				CLANG_ENABLE_OBJC_ARC = YES;
				CLANG_WARN_BLOCK_CAPTURE_AUTORELEASING = YES;
				CLANG_WARN_BOOL_CONVERSION = YES;
				CLANG_WARN_COMMA = YES;
				CLANG_WARN_CONSTANT_CONVERSION = YES;
				CLANG_WARN_DIRECT_OBJC_ISA_USAGE = YES_ERROR;
				CLANG_WARN_DOCUMENTATION_COMMENTS = YES;
				CLANG_WARN_EMPTY_BODY = YES;
				CLANG_WARN_ENUM_CONVERSION = YES;
				CLANG_WARN_INFINITE_RECURSION = YES;
				CLANG_WARN_INT_CONVERSION = YES;
				CLANG_WARN_NON_LITERAL_NULL_CONVERSION = YES;
				CLANG_WARN_OBJC_LITERAL_CONVERSION = YES;
				CLANG_WARN_OBJC_ROOT_CLASS = YES_ERROR;
				CLANG_WARN_RANGE_LOOP_ANALYSIS = YES;
				CLANG_WARN_STRICT_PROTOTYPES = YES;
				CLANG_WARN_SUSPICIOUS_MOVE = YES;
				CLANG_WARN_UNGUARDED_AVAILABILITY = YES_AGGRESSIVE;
				CLANG_WARN_UNREACHABLE_CODE = YES;
				CLANG_WARN__DUPLICATE_METHOD_MATCH = YES;
				CODE_SIGN_IDENTITY = "iPhone Developer";
				COPY_PHASE_STRIP = NO;
				DEBUG_INFORMATION_FORMAT = dwarf;
				ENABLE_STRICT_OBJC_MSGSEND = YES;
				ENABLE_TESTABILITY = YES;
				GCC_C_LANGUAGE_STANDARD = gnu11;
				GCC_DYNAMIC_NO_PIC = NO;
				GCC_NO_COMMON_BLOCKS = YES;
				GCC_OPTIMIZATION_LEVEL = 0;
				GCC_PREPROCESSOR_DEFINITIONS = (
					"DEBUG=1",
					"$(inherited)",
				);
				GCC_WARN_64_TO_32_BIT_CONVERSION = YES;
				GCC_WARN_ABOUT_RETURN_TYPE = YES_ERROR;
				GCC_WARN_UNDECLARED_SELECTOR = YES;
				GCC_WARN_UNINITIALIZED_AUTOS = YES_AGGRESSIVE;
				GCC_WARN_UNUSED_FUNCTION = YES;
				GCC_WARN_UNUSED_VARIABLE = YES;
				IPHONEOS_DEPLOYMENT_TARGET = 11.2;
				MTL_ENABLE_DEBUG_INFO = YES;
				ONLY_ACTIVE_ARCH = YES;
				SDKROOT = iphoneos;
				SWIFT_ACTIVE_COMPILATION_CONDITIONS = DEBUG;
				SWIFT_OPTIMIZATION_LEVEL = "-Onone";
			};
			name = Debug;
		};
		08B3C9F2206943A300716F5A /* Release */ = {
			isa = XCBuildConfiguration;
			buildSettings = {
				ALWAYS_SEARCH_USER_PATHS = NO;
				CLANG_ANALYZER_NONNULL = YES;
				CLANG_ANALYZER_NUMBER_OBJECT_CONVERSION = YES_AGGRESSIVE;
				CLANG_CXX_LANGUAGE_STANDARD = "gnu++14";
				CLANG_CXX_LIBRARY = "libc++";
				CLANG_ENABLE_MODULES = YES;
				CLANG_ENABLE_OBJC_ARC = YES;
				CLANG_WARN_BLOCK_CAPTURE_AUTORELEASING = YES;
				CLANG_WARN_BOOL_CONVERSION = YES;
				CLANG_WARN_COMMA = YES;
				CLANG_WARN_CONSTANT_CONVERSION = YES;
				CLANG_WARN_DIRECT_OBJC_ISA_USAGE = YES_ERROR;
				CLANG_WARN_DOCUMENTATION_COMMENTS = YES;
				CLANG_WARN_EMPTY_BODY = YES;
				CLANG_WARN_ENUM_CONVERSION = YES;
				CLANG_WARN_INFINITE_RECURSION = YES;
				CLANG_WARN_INT_CONVERSION = YES;
				CLANG_WARN_NON_LITERAL_NULL_CONVERSION = YES;
				CLANG_WARN_OBJC_LITERAL_CONVERSION = YES;
				CLANG_WARN_OBJC_ROOT_CLASS = YES_ERROR;
				CLANG_WARN_RANGE_LOOP_ANALYSIS = YES;
				CLANG_WARN_STRICT_PROTOTYPES = YES;
				CLANG_WARN_SUSPICIOUS_MOVE = YES;
				CLANG_WARN_UNGUARDED_AVAILABILITY = YES_AGGRESSIVE;
				CLANG_WARN_UNREACHABLE_CODE = YES;
				CLANG_WARN__DUPLICATE_METHOD_MATCH = YES;
				CODE_SIGN_IDENTITY = "iPhone Developer";
				COPY_PHASE_STRIP = NO;
				DEBUG_INFORMATION_FORMAT = "dwarf-with-dsym";
				ENABLE_NS_ASSERTIONS = NO;
				ENABLE_STRICT_OBJC_MSGSEND = YES;
				GCC_C_LANGUAGE_STANDARD = gnu11;
				GCC_NO_COMMON_BLOCKS = YES;
				GCC_WARN_64_TO_32_BIT_CONVERSION = YES;
				GCC_WARN_ABOUT_RETURN_TYPE = YES_ERROR;
				GCC_WARN_UNDECLARED_SELECTOR = YES;
				GCC_WARN_UNINITIALIZED_AUTOS = YES_AGGRESSIVE;
				GCC_WARN_UNUSED_FUNCTION = YES;
				GCC_WARN_UNUSED_VARIABLE = YES;
				IPHONEOS_DEPLOYMENT_TARGET = 11.2;
				MTL_ENABLE_DEBUG_INFO = NO;
				SDKROOT = iphoneos;
				SWIFT_OPTIMIZATION_LEVEL = "-Owholemodule";
				VALIDATE_PRODUCT = YES;
			};
			name = Release;
		};
		08B3C9F4206943A300716F5A /* Debug */ = {
			isa = XCBuildConfiguration;
			buildSettings = {
				ASSETCATALOG_COMPILER_APPICON_NAME = AppIcon;
				CODE_SIGN_STYLE = Automatic;
				DEVELOPMENT_TEAM = AD3FQB6RRC;
				INFOPLIST_FILE = MasterDetailsWithCoreData/Info.plist;
				LD_RUNPATH_SEARCH_PATHS = "$(inherited) @executable_path/Frameworks";
				PRODUCT_BUNDLE_IDENTIFIER = "Josh-Reichman.MasterDetailsWithCoreData";
				PRODUCT_NAME = "$(TARGET_NAME)";
				SWIFT_VERSION = 4.0;
				TARGETED_DEVICE_FAMILY = "1,2";
			};
			name = Debug;
		};
		08B3C9F5206943A300716F5A /* Release */ = {
			isa = XCBuildConfiguration;
			buildSettings = {
				ASSETCATALOG_COMPILER_APPICON_NAME = AppIcon;
				CODE_SIGN_STYLE = Automatic;
				DEVELOPMENT_TEAM = AD3FQB6RRC;
				INFOPLIST_FILE = MasterDetailsWithCoreData/Info.plist;
				LD_RUNPATH_SEARCH_PATHS = "$(inherited) @executable_path/Frameworks";
				PRODUCT_BUNDLE_IDENTIFIER = "Josh-Reichman.MasterDetailsWithCoreData";
				PRODUCT_NAME = "$(TARGET_NAME)";
				SWIFT_VERSION = 4.0;
				TARGETED_DEVICE_FAMILY = "1,2";
			};
			name = Release;
		};
/* End XCBuildConfiguration section */

/* Begin XCConfigurationList section */
		08B3C9D7206943A300716F5A /* Build configuration list for PBXProject "MasterDetailsWithCoreData" */ = {
			isa = XCConfigurationList;
			buildConfigurations = (
				08B3C9F1206943A300716F5A /* Debug */,
				08B3C9F2206943A300716F5A /* Release */,
			);
			defaultConfigurationIsVisible = 0;
			defaultConfigurationName = Release;
		};
		08B3C9F3206943A300716F5A /* Build configuration list for PBXNativeTarget "MasterDetailsWithCoreData" */ = {
			isa = XCConfigurationList;
			buildConfigurations = (
				08B3C9F4206943A300716F5A /* Debug */,
				08B3C9F5206943A300716F5A /* Release */,
			);
			defaultConfigurationIsVisible = 0;
			defaultConfigurationName = Release;
		};
/* End XCConfigurationList section */

/* Begin XCVersionGroup section */
		08B3C9E1206943A300716F5A /* MasterDetailsWithCoreData.xcdatamodeld */ = {
			isa = XCVersionGroup;
			children = (
				08B3C9E2206943A300716F5A /* MasterDetailsWithCoreData.xcdatamodel */,
			);
			currentVersion = 08B3C9E2206943A300716F5A /* MasterDetailsWithCoreData.xcdatamodel */;
			path = MasterDetailsWithCoreData.xcdatamodeld;
			sourceTree = "<group>";
			versionGroupType = wrapper.xcdatamodel;
		};
/* End XCVersionGroup section */
	};
	rootObject = 08B3C9D4206943A300716F5A /* Project object */;
}
